// !$*UTF8*$!
{
	archiveVersion = 1;
	classes = {
	};
	objectVersion = 46;
	objects = {

/* Begin PBXBuildFile section */
		A69BABEC1FCAAFC400363740 /* MainViewController.swift in Sources */ = {isa = PBXBuildFile; fileRef = A69BABEB1FCAAFC400363740 /* MainViewController.swift */; };
		A69BABEE1FCAB07A00363740 /* MenuViewController.swift in Sources */ = {isa = PBXBuildFile; fileRef = A69BABED1FCAB07A00363740 /* MenuViewController.swift */; };
		A69BABF01FCAB08100363740 /* MenuTransitionManager.swift in Sources */ = {isa = PBXBuildFile; fileRef = A69BABEF1FCAB08100363740 /* MenuTransitionManager.swift */; };
		A69F79801FCA9951002F633D /* AppDelegate.swift in Sources */ = {isa = PBXBuildFile; fileRef = A69F797F1FCA9951002F633D /* AppDelegate.swift */; };
		A69F79851FCA9951002F633D /* Main.storyboard in Resources */ = {isa = PBXBuildFile; fileRef = A69F79831FCA9951002F633D /* Main.storyboard */; };
		A69F79871FCA9951002F633D /* Assets.xcassets in Resources */ = {isa = PBXBuildFile; fileRef = A69F79861FCA9951002F633D /* Assets.xcassets */; };
		A69F798A1FCA9951002F633D /* LaunchScreen.storyboard in Resources */ = {isa = PBXBuildFile; fileRef = A69F79881FCA9951002F633D /* LaunchScreen.storyboard */; };
		A69F79951FCA9951002F633D /* day17_TumblrMenuTests.swift in Sources */ = {isa = PBXBuildFile; fileRef = A69F79941FCA9951002F633D /* day17_TumblrMenuTests.swift */; };
		A69F79A01FCA9951002F633D /* day17_TumblrMenuUITests.swift in Sources */ = {isa = PBXBuildFile; fileRef = A69F799F1FCA9951002F633D /* day17_TumblrMenuUITests.swift */; };
/* End PBXBuildFile section */

/* Begin PBXContainerItemProxy section */
		A69F79911FCA9951002F633D /* PBXContainerItemProxy */ = {
			isa = PBXContainerItemProxy;
			containerPortal = A69F79741FCA9951002F633D /* Project object */;
			proxyType = 1;
			remoteGlobalIDString = A69F797B1FCA9951002F633D;
			remoteInfo = day17_TumblrMenu;
		};
		A69F799C1FCA9951002F633D /* PBXContainerItemProxy */ = {
			isa = PBXContainerItemProxy;
			containerPortal = A69F79741FCA9951002F633D /* Project object */;
			proxyType = 1;
			remoteGlobalIDString = A69F797B1FCA9951002F633D;
			remoteInfo = day17_TumblrMenu;
		};
/* End PBXContainerItemProxy section */

/* Begin PBXFileReference section */
		A69BABEB1FCAAFC400363740 /* MainViewController.swift */ = {isa = PBXFileReference; fileEncoding = 4; lastKnownFileType = sourcecode.swift; path = MainViewController.swift; sourceTree = "<group>"; };
		A69BABED1FCAB07A00363740 /* MenuViewController.swift */ = {isa = PBXFileReference; fileEncoding = 4; lastKnownFileType = sourcecode.swift; path = MenuViewController.swift; sourceTree = "<group>"; };
		A69BABEF1FCAB08100363740 /* MenuTransitionManager.swift */ = {isa = PBXFileReference; fileEncoding = 4; lastKnownFileType = sourcecode.swift; path = MenuTransitionManager.swift; sourceTree = "<group>"; };
		A69F797C1FCA9951002F633D /* day17_TumblrMenu.app */ = {isa = PBXFileReference; explicitFileType = wrapper.application; includeInIndex = 0; path = day17_TumblrMenu.app; sourceTree = BUILT_PRODUCTS_DIR; };
		A69F797F1FCA9951002F633D /* AppDelegate.swift */ = {isa = PBXFileReference; lastKnownFileType = sourcecode.swift; path = AppDelegate.swift; sourceTree = "<group>"; };
		A69F79841FCA9951002F633D /* Base */ = {isa = PBXFileReference; lastKnownFileType = file.storyboard; name = Base; path = Base.lproj/Main.storyboard; sourceTree = "<group>"; };
		A69F79861FCA9951002F633D /* Assets.xcassets */ = {isa = PBXFileReference; lastKnownFileType = folder.assetcatalog; path = Assets.xcassets; sourceTree = "<group>"; };
		A69F79891FCA9951002F633D /* Base */ = {isa = PBXFileReference; lastKnownFileType = file.storyboard; name = Base; path = Base.lproj/LaunchScreen.storyboard; sourceTree = "<group>"; };
		A69F798B1FCA9951002F633D /* Info.plist */ = {isa = PBXFileReference; lastKnownFileType = text.plist.xml; path = Info.plist; sourceTree = "<group>"; };
		A69F79901FCA9951002F633D /* day17_TumblrMenuTests.xctest */ = {isa = PBXFileReference; explicitFileType = wrapper.cfbundle; includeInIndex = 0; path = day17_TumblrMenuTests.xctest; sourceTree = BUILT_PRODUCTS_DIR; };
		A69F79941FCA9951002F633D /* day17_TumblrMenuTests.swift */ = {isa = PBXFileReference; lastKnownFileType = sourcecode.swift; path = day17_TumblrMenuTests.swift; sourceTree = "<group>"; };
		A69F79961FCA9951002F633D /* Info.plist */ = {isa = PBXFileReference; lastKnownFileType = text.plist.xml; path = Info.plist; sourceTree = "<group>"; };
		A69F799B1FCA9951002F633D /* day17_TumblrMenuUITests.xctest */ = {isa = PBXFileReference; explicitFileType = wrapper.cfbundle; includeInIndex = 0; path = day17_TumblrMenuUITests.xctest; sourceTree = BUILT_PRODUCTS_DIR; };
		A69F799F1FCA9951002F633D /* day17_TumblrMenuUITests.swift */ = {isa = PBXFileReference; lastKnownFileType = sourcecode.swift; path = day17_TumblrMenuUITests.swift; sourceTree = "<group>"; };
		A69F79A11FCA9951002F633D /* Info.plist */ = {isa = PBXFileReference; lastKnownFileType = text.plist.xml; path = Info.plist; sourceTree = "<group>"; };
/* End PBXFileReference section */

/* Begin PBXFrameworksBuildPhase section */
		A69F79791FCA9951002F633D /* Frameworks */ = {
			isa = PBXFrameworksBuildPhase;
			buildActionMask = 2147483647;
			files = (
			);
			runOnlyForDeploymentPostprocessing = 0;
		};
		A69F798D1FCA9951002F633D /* Frameworks */ = {
			isa = PBXFrameworksBuildPhase;
			buildActionMask = 2147483647;
			files = (
			);
			runOnlyForDeploymentPostprocessing = 0;
		};
		A69F79981FCA9951002F633D /* Frameworks */ = {
			isa = PBXFrameworksBuildPhase;
			buildActionMask = 2147483647;
			files = (
			);
			runOnlyForDeploymentPostprocessing = 0;
		};
/* End PBXFrameworksBuildPhase section */

/* Begin PBXGroup section */
		A69F79731FCA9951002F633D = {
			isa = PBXGroup;
			children = (
				A69F797E1FCA9951002F633D /* day17_TumblrMenu */,
				A69F79931FCA9951002F633D /* day17_TumblrMenuTests */,
				A69F799E1FCA9951002F633D /* day17_TumblrMenuUITests */,
				A69F797D1FCA9951002F633D /* Products */,
			);
			sourceTree = "<group>";
		};
		A69F797D1FCA9951002F633D /* Products */ = {
			isa = PBXGroup;
			children = (
				A69F797C1FCA9951002F633D /* day17_TumblrMenu.app */,
				A69F79901FCA9951002F633D /* day17_TumblrMenuTests.xctest */,
				A69F799B1FCA9951002F633D /* day17_TumblrMenuUITests.xctest */,
			);
			name = Products;
			sourceTree = "<group>";
		};
		A69F797E1FCA9951002F633D /* day17_TumblrMenu */ = {
			isa = PBXGroup;
			children = (
				A69F797F1FCA9951002F633D /* AppDelegate.swift */,
				A69BABEB1FCAAFC400363740 /* MainViewController.swift */,
				A69F79831FCA9951002F633D /* Main.storyboard */,
				A69BABED1FCAB07A00363740 /* MenuViewController.swift */,
				A69BABEF1FCAB08100363740 /* MenuTransitionManager.swift */,
				A69F79861FCA9951002F633D /* Assets.xcassets */,
				A69F79881FCA9951002F633D /* LaunchScreen.storyboard */,
				A69F798B1FCA9951002F633D /* Info.plist */,
			);
			path = day17_TumblrMenu;
			sourceTree = "<group>";
		};
		A69F79931FCA9951002F633D /* day17_TumblrMenuTests */ = {
			isa = PBXGroup;
			children = (
				A69F79941FCA9951002F633D /* day17_TumblrMenuTests.swift */,
				A69F79961FCA9951002F633D /* Info.plist */,
			);
			path = day17_TumblrMenuTests;
			sourceTree = "<group>";
		};
		A69F799E1FCA9951002F633D /* day17_TumblrMenuUITests */ = {
			isa = PBXGroup;
			children = (
				A69F799F1FCA9951002F633D /* day17_TumblrMenuUITests.swift */,
				A69F79A11FCA9951002F633D /* Info.plist */,
			);
			path = day17_TumblrMenuUITests;
			sourceTree = "<group>";
		};
/* End PBXGroup section */

/* Begin PBXNativeTarget section */
		A69F797B1FCA9951002F633D /* day17_TumblrMenu */ = {
			isa = PBXNativeTarget;
			buildConfigurationList = A69F79A41FCA9951002F633D /* Build configuration list for PBXNativeTarget "day17_TumblrMenu" */;
			buildPhases = (
				A69F79781FCA9951002F633D /* Sources */,
				A69F79791FCA9951002F633D /* Frameworks */,
				A69F797A1FCA9951002F633D /* Resources */,
			);
			buildRules = (
			);
			dependencies = (
			);
			name = day17_TumblrMenu;
			productName = day17_TumblrMenu;
			productReference = A69F797C1FCA9951002F633D /* day17_TumblrMenu.app */;
			productType = "com.apple.product-type.application";
		};
		A69F798F1FCA9951002F633D /* day17_TumblrMenuTests */ = {
			isa = PBXNativeTarget;
			buildConfigurationList = A69F79A71FCA9951002F633D /* Build configuration list for PBXNativeTarget "day17_TumblrMenuTests" */;
			buildPhases = (
				A69F798C1FCA9951002F633D /* Sources */,
				A69F798D1FCA9951002F633D /* Frameworks */,
				A69F798E1FCA9951002F633D /* Resources */,
			);
			buildRules = (
			);
			dependencies = (
				A69F79921FCA9951002F633D /* PBXTargetDependency */,
			);
			name = day17_TumblrMenuTests;
			productName = day17_TumblrMenuTests;
			productReference = A69F79901FCA9951002F633D /* day17_TumblrMenuTests.xctest */;
			productType = "com.apple.product-type.bundle.unit-test";
		};
		A69F799A1FCA9951002F633D /* day17_TumblrMenuUITests */ = {
			isa = PBXNativeTarget;
			buildConfigurationList = A69F79AA1FCA9951002F633D /* Build configuration list for PBXNativeTarget "day17_TumblrMenuUITests" */;
			buildPhases = (
				A69F79971FCA9951002F633D /* Sources */,
				A69F79981FCA9951002F633D /* Frameworks */,
				A69F79991FCA9951002F633D /* Resources */,
			);
			buildRules = (
			);
			dependencies = (
				A69F799D1FCA9951002F633D /* PBXTargetDependency */,
			);
			name = day17_TumblrMenuUITests;
			productName = day17_TumblrMenuUITests;
			productReference = A69F799B1FCA9951002F633D /* day17_TumblrMenuUITests.xctest */;
			productType = "com.apple.product-type.bundle.ui-testing";
		};
/* End PBXNativeTarget section */

/* Begin PBXProject section */
		A69F79741FCA9951002F633D /* Project object */ = {
			isa = PBXProject;
			attributes = {
				LastSwiftUpdateCheck = 0830;
				LastUpgradeCheck = 0830;
				ORGANIZATIONNAME = huig;
				TargetAttributes = {
					A69F797B1FCA9951002F633D = {
						CreatedOnToolsVersion = 8.3.3;
						ProvisioningStyle = Automatic;
					};
					A69F798F1FCA9951002F633D = {
						CreatedOnToolsVersion = 8.3.3;
						ProvisioningStyle = Automatic;
						TestTargetID = A69F797B1FCA9951002F633D;
					};
					A69F799A1FCA9951002F633D = {
						CreatedOnToolsVersion = 8.3.3;
						ProvisioningStyle = Automatic;
						TestTargetID = A69F797B1FCA9951002F633D;
					};
				};
			};
			buildConfigurationList = A69F79771FCA9951002F633D /* Build configuration list for PBXProject "day17_TumblrMenu" */;
			compatibilityVersion = "Xcode 3.2";
			developmentRegion = English;
			hasScannedForEncodings = 0;
			knownRegions = (
				en,
				Base,
			);
			mainGroup = A69F79731FCA9951002F633D;
			productRefGroup = A69F797D1FCA9951002F633D /* Products */;
			projectDirPath = "";
			projectRoot = "";
			targets = (
				A69F797B1FCA9951002F633D /* day17_TumblrMenu */,
				A69F798F1FCA9951002F633D /* day17_TumblrMenuTests */,
				A69F799A1FCA9951002F633D /* day17_TumblrMenuUITests */,
			);
		};
/* End PBXProject section */

/* Begin PBXResourcesBuildPhase section */
		A69F797A1FCA9951002F633D /* Resources */ = {
			isa = PBXResourcesBuildPhase;
			buildActionMask = 2147483647;
			files = (
				A69F798A1FCA9951002F633D /* LaunchScreen.storyboard in Resources */,
				A69F79871FCA9951002F633D /* Assets.xcassets in Resources */,
				A69F79851FCA9951002F633D /* Main.storyboard in Resources */,
			);
			runOnlyForDeploymentPostprocessing = 0;
		};
		A69F798E1FCA9951002F633D /* Resources */ = {
			isa = PBXResourcesBuildPhase;
			buildActionMask = 2147483647;
			files = (
			);
			runOnlyForDeploymentPostprocessing = 0;
		};
		A69F79991FCA9951002F633D /* Resources */ = {
			isa = PBXResourcesBuildPhase;
			buildActionMask = 2147483647;
			files = (
			);
			runOnlyForDeploymentPostprocessing = 0;
		};
/* End PBXResourcesBuildPhase section */

/* Begin PBXSourcesBuildPhase section */
		A69F79781FCA9951002F633D /* Sources */ = {
			isa = PBXSourcesBuildPhase;
			buildActionMask = 2147483647;
			files = (
				A69BABEC1FCAAFC400363740 /* MainViewController.swift in Sources */,
				A69BABF01FCAB08100363740 /* MenuTransitionManager.swift in Sources */,
				A69BABEE1FCAB07A00363740 /* MenuViewController.swift in Sources */,
				A69F79801FCA9951002F633D /* AppDelegate.swift in Sources */,
			);
			runOnlyForDeploymentPostprocessing = 0;
		};
		A69F798C1FCA9951002F633D /* Sources */ = {
			isa = PBXSourcesBuildPhase;
			buildActionMask = 2147483647;
			files = (
				A69F79951FCA9951002F633D /* day17_TumblrMenuTests.swift in Sources */,
			);
			runOnlyForDeploymentPostprocessing = 0;
		};
		A69F79971FCA9951002F633D /* Sources */ = {
			isa = PBXSourcesBuildPhase;
			buildActionMask = 2147483647;
			files = (
				A69F79A01FCA9951002F633D /* day17_TumblrMenuUITests.swift in Sources */,
			);
			runOnlyForDeploymentPostprocessing = 0;
		};
/* End PBXSourcesBuildPhase section */

/* Begin PBXTargetDependency section */
		A69F79921FCA9951002F633D /* PBXTargetDependency */ = {
			isa = PBXTargetDependency;
			target = A69F797B1FCA9951002F633D /* day17_TumblrMenu */;
			targetProxy = A69F79911FCA9951002F633D /* PBXContainerItemProxy */;
		};
		A69F799D1FCA9951002F633D /* PBXTargetDependency */ = {
			isa = PBXTargetDependency;
			target = A69F797B1FCA9951002F633D /* day17_TumblrMenu */;
			targetProxy = A69F799C1FCA9951002F633D /* PBXContainerItemProxy */;
		};
/* End PBXTargetDependency section */

/* Begin PBXVariantGroup section */
		A69F79831FCA9951002F633D /* Main.storyboard */ = {
			isa = PBXVariantGroup;
			children = (
				A69F79841FCA9951002F633D /* Base */,
			);
			name = Main.storyboard;
			sourceTree = "<group>";
		};
		A69F79881FCA9951002F633D /* LaunchScreen.storyboard */ = {
			isa = PBXVariantGroup;
			children = (
				A69F79891FCA9951002F633D /* Base */,
			);
			name = LaunchScreen.storyboard;
			sourceTree = "<group>";
		};
/* End PBXVariantGroup section */

/* Begin XCBuildConfiguration section */
		A69F79A21FCA9951002F633D /* Debug */ = {
			isa = XCBuildConfiguration;
			buildSettings = {
				ALWAYS_SEARCH_USER_PATHS = NO;
				CLANG_ANALYZER_NONNULL = YES;
				CLANG_ANALYZER_NUMBER_OBJECT_CONVERSION = YES_AGGRESSIVE;
				CLANG_CXX_LANGUAGE_STANDARD = "gnu++0x";
				CLANG_CXX_LIBRARY = "libc++";
				CLANG_ENABLE_MODULES = YES;
				CLANG_ENABLE_OBJC_ARC = YES;
				CLANG_WARN_BOOL_CONVERSION = YES;
				CLANG_WARN_CONSTANT_CONVERSION = YES;
				CLANG_WARN_DIRECT_OBJC_ISA_USAGE = YES_ERROR;
				CLANG_WARN_DOCUMENTATION_COMMENTS = YES;
				CLANG_WARN_EMPTY_BODY = YES;
				CLANG_WARN_ENUM_CONVERSION = YES;
				CLANG_WARN_INFINITE_RECURSION = YES;
				CLANG_WARN_INT_CONVERSION = YES;
				CLANG_WARN_OBJC_ROOT_CLASS = YES_ERROR;
				CLANG_WARN_SUSPICIOUS_MOVE = YES;
				CLANG_WARN_UNREACHABLE_CODE = YES;
				CLANG_WARN__DUPLICATE_METHOD_MATCH = YES;
				"CODE_SIGN_IDENTITY[sdk=iphoneos*]" = "iPhone Developer";
				COPY_PHASE_STRIP = NO;
				DEBUG_INFORMATION_FORMAT = dwarf;
				ENABLE_STRICT_OBJC_MSGSEND = YES;
				ENABLE_TESTABILITY = YES;
				GCC_C_LANGUAGE_STANDARD = gnu99;
				GCC_DYNAMIC_NO_PIC = NO;
				GCC_NO_COMMON_BLOCKS = YES;
				GCC_OPTIMIZATION_LEVEL = 0;
				GCC_PREPROCESSOR_DEFINITIONS = (
					"DEBUG=1",
					"$(inherited)",
				);
				GCC_WARN_64_TO_32_BIT_CONVERSION = YES;
				GCC_WARN_ABOUT_RETURN_TYPE = YES_ERROR;
				GCC_WARN_UNDECLARED_SELECTOR = YES;
				GCC_WARN_UNINITIALIZED_AUTOS = YES_AGGRESSIVE;
				GCC_WARN_UNUSED_FUNCTION = YES;
				GCC_WARN_UNUSED_VARIABLE = YES;
				IPHONEOS_DEPLOYMENT_TARGET = 10.3;
				MTL_ENABLE_DEBUG_INFO = YES;
				ONLY_ACTIVE_ARCH = YES;
				SDKROOT = iphoneos;
				SWIFT_ACTIVE_COMPILATION_CONDITIONS = DEBUG;
				SWIFT_OPTIMIZATION_LEVEL = "-Onone";
			};
			name = Debug;
		};
		A69F79A31FCA9951002F633D /* Release */ = {
			isa = XCBuildConfiguration;
			buildSettings = {
				ALWAYS_SEARCH_USER_PATHS = NO;
				CLANG_ANALYZER_NONNULL = YES;
				CLANG_ANALYZER_NUMBER_OBJECT_CONVERSION = YES_AGGRESSIVE;
				CLANG_CXX_LANGUAGE_STANDARD = "gnu++0x";
				CLANG_CXX_LIBRARY = "libc++";
				CLANG_ENABLE_MODULES = YES;
				CLANG_ENABLE_OBJC_ARC = YES;
				CLANG_WARN_BOOL_CONVERSION = YES;
				CLANG_WARN_CONSTANT_CONVERSION = YES;
				CLANG_WARN_DIRECT_OBJC_ISA_USAGE = YES_ERROR;
				CLANG_WARN_DOCUMENTATION_COMMENTS = YES;
				CLANG_WARN_EMPTY_BODY = YES;
				CLANG_WARN_ENUM_CONVERSION = YES;
				CLANG_WARN_INFINITE_RECURSION = YES;
				CLANG_WARN_INT_CONVERSION = YES;
				CLANG_WARN_OBJC_ROOT_CLASS = YES_ERROR;
				CLANG_WARN_SUSPICIOUS_MOVE = YES;
				CLANG_WARN_UNREACHABLE_CODE = YES;
				CLANG_WARN__DUPLICATE_METHOD_MATCH = YES;
				"CODE_SIGN_IDENTITY[sdk=iphoneos*]" = "iPhone Developer";
				COPY_PHASE_STRIP = NO;
				DEBUG_INFORMATION_FORMAT = "dwarf-with-dsym";
				ENABLE_NS_ASSERTIONS = NO;
				ENABLE_STRICT_OBJC_MSGSEND = YES;
				GCC_C_LANGUAGE_STANDARD = gnu99;
				GCC_NO_COMMON_BLOCKS = YES;
				GCC_WARN_64_TO_32_BIT_CONVERSION = YES;
				GCC_WARN_ABOUT_RETURN_TYPE = YES_ERROR;
				GCC_WARN_UNDECLARED_SELECTOR = YES;
				GCC_WARN_UNINITIALIZED_AUTOS = YES_AGGRESSIVE;
				GCC_WARN_UNUSED_FUNCTION = YES;
				GCC_WARN_UNUSED_VARIABLE = YES;
				IPHONEOS_DEPLOYMENT_TARGET = 10.3;
				MTL_ENABLE_DEBUG_INFO = NO;
				SDKROOT = iphoneos;
				SWIFT_OPTIMIZATION_LEVEL = "-Owholemodule";
				VALIDATE_PRODUCT = YES;
			};
			name = Release;
		};
		A69F79A51FCA9951002F633D /* Debug */ = {
			isa = XCBuildConfiguration;
			buildSettings = {
				ASSETCATALOG_COMPILER_APPICON_NAME = AppIcon;
				INFOPLIST_FILE = day17_TumblrMenu/Info.plist;
				LD_RUNPATH_SEARCH_PATHS = "$(inherited) @executable_path/Frameworks";
				PRODUCT_BUNDLE_IDENTIFIER = "com.huihui.day17-TumblrMenu";
				PRODUCT_NAME = "$(TARGET_NAME)";
				SWIFT_VERSION = 3.0;
			};
			name = Debug;
		};
		A69F79A61FCA9951002F633D /* Release */ = {
			isa = XCBuildConfiguration;
			buildSettings = {
				ASSETCATALOG_COMPILER_APPICON_NAME = AppIcon;
				INFOPLIST_FILE = day17_TumblrMenu/Info.plist;
				LD_RUNPATH_SEARCH_PATHS = "$(inherited) @executable_path/Frameworks";
				PRODUCT_BUNDLE_IDENTIFIER = "com.huihui.day17-TumblrMenu";
				PRODUCT_NAME = "$(TARGET_NAME)";
				SWIFT_VERSION = 3.0;
			};
			name = Release;
		};
		A69F79A81FCA9951002F633D /* Debug */ = {
			isa = XCBuildConfiguration;
			buildSettings = {
				ALWAYS_EMBED_SWIFT_STANDARD_LIBRARIES = YES;
				BUNDLE_LOADER = "$(TEST_HOST)";
				INFOPLIST_FILE = day17_TumblrMenuTests/Info.plist;
				LD_RUNPATH_SEARCH_PATHS = "$(inherited) @executable_path/Frameworks @loader_path/Frameworks";
				PRODUCT_BUNDLE_IDENTIFIER = "com.huihui.day17-TumblrMenuTests";
				PRODUCT_NAME = "$(TARGET_NAME)";
				SWIFT_VERSION = 3.0;
				TEST_HOST = "$(BUILT_PRODUCTS_DIR)/day17_TumblrMenu.app/day17_TumblrMenu";
			};
			name = Debug;
		};
		A69F79A91FCA9951002F633D /* Release */ = {
			isa = XCBuildConfiguration;
			buildSettings = {
				ALWAYS_EMBED_SWIFT_STANDARD_LIBRARIES = YES;
				BUNDLE_LOADER = "$(TEST_HOST)";
				INFOPLIST_FILE = day17_TumblrMenuTests/Info.plist;
				LD_RUNPATH_SEARCH_PATHS = "$(inherited) @executable_path/Frameworks @loader_path/Frameworks";
				PRODUCT_BUNDLE_IDENTIFIER = "com.huihui.day17-TumblrMenuTests";
				PRODUCT_NAME = "$(TARGET_NAME)";
				SWIFT_VERSION = 3.0;
				TEST_HOST = "$(BUILT_PRODUCTS_DIR)/day17_TumblrMenu.app/day17_TumblrMenu";
			};
			name = Release;
		};
		A69F79AB1FCA9951002F633D /* Debug */ = {
			isa = XCBuildConfiguration;
			buildSettings = {
				ALWAYS_EMBED_SWIFT_STANDARD_LIBRARIES = YES;
				INFOPLIST_FILE = day17_TumblrMenuUITests/Info.plist;
				LD_RUNPATH_SEARCH_PATHS = "$(inherited) @executable_path/Frameworks @loader_path/Frameworks";
				PRODUCT_BUNDLE_IDENTIFIER = "com.huihui.day17-TumblrMenuUITests";
				PRODUCT_NAME = "$(TARGET_NAME)";
				SWIFT_VERSION = 3.0;
				TEST_TARGET_NAME = day17_TumblrMenu;
			};
			name = Debug;
		};
		A69F79AC1FCA9951002F633D /* Release */ = {
			isa = XCBuildConfiguration;
			buildSettings = {
				ALWAYS_EMBED_SWIFT_STANDARD_LIBRARIES = YES;
				INFOPLIST_FILE = day17_TumblrMenuUITests/Info.plist;
				LD_RUNPATH_SEARCH_PATHS = "$(inherited) @executable_path/Frameworks @loader_path/Frameworks";
				PRODUCT_BUNDLE_IDENTIFIER = "com.huihui.day17-TumblrMenuUITests";
				PRODUCT_NAME = "$(TARGET_NAME)";
				SWIFT_VERSION = 3.0;
				TEST_TARGET_NAME = day17_TumblrMenu;
			};
			name = Release;
		};
/* End XCBuildConfiguration section */

/* Begin XCConfigurationList section */
		A69F79771FCA9951002F633D /* Build configuration list for PBXProject "day17_TumblrMenu" */ = {
			isa = XCConfigurationList;
			buildConfigurations = (
				A69F79A21FCA9951002F633D /* Debug */,
				A69F79A31FCA9951002F633D /* Release */,
			);
			defaultConfigurationIsVisible = 0;
			defaultConfigurationName = Release;
		};
		A69F79A41FCA9951002F633D /* Build configuration list for PBXNativeTarget "day17_TumblrMenu" */ = {
			isa = XCConfigurationList;
			buildConfigurations = (
				A69F79A51FCA9951002F633D /* Debug */,
				A69F79A61FCA9951002F633D /* Release */,
			);
			defaultConfigurationIsVisible = 0;
			defaultConfigurationName = Release;
		};
		A69F79A71FCA9951002F633D /* Build configuration list for PBXNativeTarget "day17_TumblrMenuTests" */ = {
			isa = XCConfigurationList;
			buildConfigurations = (
				A69F79A81FCA9951002F633D /* Debug */,
				A69F79A91FCA9951002F633D /* Release */,
			);
			defaultConfigurationIsVisible = 0;
			defaultConfigurationName = Release;
		};
		A69F79AA1FCA9951002F633D /* Build configuration list for PBXNativeTarget "day17_TumblrMenuUITests" */ = {
			isa = XCConfigurationList;
			buildConfigurations = (
				A69F79AB1FCA9951002F633D /* Debug */,
				A69F79AC1FCA9951002F633D /* Release */,
			);
			defaultConfigurationIsVisible = 0;
			defaultConfigurationName = Release;
		};
/* End XCConfigurationList section */
	};
	rootObject = A69F79741FCA9951002F633D /* Project object */;
}
